// !$*UTF8*$!
{
	archiveVersion = 1;
	classes = {
	};
	objectVersion = 46;
	objects = {

/* Begin PBXBuildFile section */
		847DF8C41D9224FE00E1293E /* AppDelegate.swift in Sources */ = {isa = PBXBuildFile; fileRef = 847DF8C31D9224FE00E1293E /* AppDelegate.swift */; };
		847DF8C61D9224FE00E1293E /* MapViewController.swift in Sources */ = {isa = PBXBuildFile; fileRef = 847DF8C51D9224FE00E1293E /* MapViewController.swift */; };
		847DF8C91D9224FE00E1293E /* Main.storyboard in Resources */ = {isa = PBXBuildFile; fileRef = 847DF8C71D9224FE00E1293E /* Main.storyboard */; };
		847DF8CB1D9224FE00E1293E /* Assets.xcassets in Resources */ = {isa = PBXBuildFile; fileRef = 847DF8CA1D9224FE00E1293E /* Assets.xcassets */; };
		847DF8CE1D9224FE00E1293E /* LaunchScreen.storyboard in Resources */ = {isa = PBXBuildFile; fileRef = 847DF8CC1D9224FE00E1293E /* LaunchScreen.storyboard */; };
		847DF8D61D922FE100E1293E /* AlbumViewController.swift in Sources */ = {isa = PBXBuildFile; fileRef = 847DF8D51D922FE100E1293E /* AlbumViewController.swift */; };
		847DF8D91D92420C00E1293E /* Model.xcdatamodeld in Sources */ = {isa = PBXBuildFile; fileRef = 847DF8D71D92420C00E1293E /* Model.xcdatamodeld */; };
/* End PBXBuildFile section */

/* Begin PBXFileReference section */
		847DF8C01D9224FE00E1293E /* Virtual Tourist.app */ = {isa = PBXFileReference; explicitFileType = wrapper.application; includeInIndex = 0; path = "Virtual Tourist.app"; sourceTree = BUILT_PRODUCTS_DIR; };
		847DF8C31D9224FE00E1293E /* AppDelegate.swift */ = {isa = PBXFileReference; lastKnownFileType = sourcecode.swift; path = AppDelegate.swift; sourceTree = "<group>"; };
		847DF8C51D9224FE00E1293E /* MapViewController.swift */ = {isa = PBXFileReference; lastKnownFileType = sourcecode.swift; path = MapViewController.swift; sourceTree = "<group>"; };
		847DF8C81D9224FE00E1293E /* Base */ = {isa = PBXFileReference; lastKnownFileType = file.storyboard; name = Base; path = Base.lproj/Main.storyboard; sourceTree = "<group>"; };
		847DF8CA1D9224FE00E1293E /* Assets.xcassets */ = {isa = PBXFileReference; lastKnownFileType = folder.assetcatalog; path = Assets.xcassets; sourceTree = "<group>"; };
		847DF8CD1D9224FE00E1293E /* Base */ = {isa = PBXFileReference; lastKnownFileType = file.storyboard; name = Base; path = Base.lproj/LaunchScreen.storyboard; sourceTree = "<group>"; };
		847DF8CF1D9224FE00E1293E /* Info.plist */ = {isa = PBXFileReference; lastKnownFileType = text.plist.xml; path = Info.plist; sourceTree = "<group>"; };
		847DF8D51D922FE100E1293E /* AlbumViewController.swift */ = {isa = PBXFileReference; fileEncoding = 4; lastKnownFileType = sourcecode.swift; path = AlbumViewController.swift; sourceTree = "<group>"; };
		847DF8D81D92420C00E1293E /* Model.xcdatamodel */ = {isa = PBXFileReference; lastKnownFileType = wrapper.xcdatamodel; path = Model.xcdatamodel; sourceTree = "<group>"; };
/* End PBXFileReference section */

/* Begin PBXFrameworksBuildPhase section */
		847DF8BD1D9224FE00E1293E /* Frameworks */ = {
			isa = PBXFrameworksBuildPhase;
			buildActionMask = 2147483647;
			files = (
			);
			runOnlyForDeploymentPostprocessing = 0;
		};
/* End PBXFrameworksBuildPhase section */

/* Begin PBXGroup section */
		847DF8B71D9224FE00E1293E = {
			isa = PBXGroup;
			children = (
				847DF8C21D9224FE00E1293E /* Virtual Tourist */,
				847DF8C11D9224FE00E1293E /* Products */,
			);
			sourceTree = "<group>";
		};
		847DF8C11D9224FE00E1293E /* Products */ = {
			isa = PBXGroup;
			children = (
				847DF8C01D9224FE00E1293E /* Virtual Tourist.app */,
			);
			name = Products;
			sourceTree = "<group>";
		};
		847DF8C21D9224FE00E1293E /* Virtual Tourist */ = {
			isa = PBXGroup;
			children = (
				847DF8C31D9224FE00E1293E /* AppDelegate.swift */,
				847DF8C51D9224FE00E1293E /* MapViewController.swift */,
				847DF8D51D922FE100E1293E /* AlbumViewController.swift */,
				847DF8C71D9224FE00E1293E /* Main.storyboard */,
				847DF8CA1D9224FE00E1293E /* Assets.xcassets */,
				847DF8CC1D9224FE00E1293E /* LaunchScreen.storyboard */,
				847DF8D71D92420C00E1293E /* Model.xcdatamodeld */,
				847DF8CF1D9224FE00E1293E /* Info.plist */,
			);
			path = "Virtual Tourist";
			sourceTree = "<group>";
		};
/* End PBXGroup section */

/* Begin PBXNativeTarget section */
		847DF8BF1D9224FE00E1293E /* Virtual Tourist */ = {
			isa = PBXNativeTarget;
			buildConfigurationList = 847DF8D21D9224FE00E1293E /* Build configuration list for PBXNativeTarget "Virtual Tourist" */;
			buildPhases = (
				847DF8BC1D9224FE00E1293E /* Sources */,
				847DF8BD1D9224FE00E1293E /* Frameworks */,
				847DF8BE1D9224FE00E1293E /* Resources */,
			);
			buildRules = (
			);
			dependencies = (
			);
			name = "Virtual Tourist";
			productName = "Virtual Tourist";
			productReference = 847DF8C01D9224FE00E1293E /* Virtual Tourist.app */;
			productType = "com.apple.product-type.application";
		};
/* End PBXNativeTarget section */

/* Begin PBXProject section */
		847DF8B81D9224FE00E1293E /* Project object */ = {
			isa = PBXProject;
			attributes = {
				LastSwiftUpdateCheck = 0730;
				LastUpgradeCheck = 0730;
				ORGANIZATIONNAME = "Aayush Kapoor";
				TargetAttributes = {
					847DF8BF1D9224FE00E1293E = {
						CreatedOnToolsVersion = 7.3.1;
					};
				};
			};
			buildConfigurationList = 847DF8BB1D9224FE00E1293E /* Build configuration list for PBXProject "Virtual Tourist" */;
			compatibilityVersion = "Xcode 3.2";
			developmentRegion = English;
			hasScannedForEncodings = 0;
			knownRegions = (
				en,
				Base,
			);
			mainGroup = 847DF8B71D9224FE00E1293E;
			productRefGroup = 847DF8C11D9224FE00E1293E /* Products */;
			projectDirPath = "";
			projectRoot = "";
			targets = (
				847DF8BF1D9224FE00E1293E /* Virtual Tourist */,
			);
		};
/* End PBXProject section */

/* Begin PBXResourcesBuildPhase section */
		847DF8BE1D9224FE00E1293E /* Resources */ = {
			isa = PBXResourcesBuildPhase;
			buildActionMask = 2147483647;
			files = (
				847DF8CE1D9224FE00E1293E /* LaunchScreen.storyboard in Resources */,
				847DF8CB1D9224FE00E1293E /* Assets.xcassets in Resources */,
				847DF8C91D9224FE00E1293E /* Main.storyboard in Resources */,
			);
			runOnlyForDeploymentPostprocessing = 0;
		};
/* End PBXResourcesBuildPhase section */

/* Begin PBXSourcesBuildPhase section */
		847DF8BC1D9224FE00E1293E /* Sources */ = {
			isa = PBXSourcesBuildPhase;
			buildActionMask = 2147483647;
			files = (
				847DF8D61D922FE100E1293E /* AlbumViewController.swift in Sources */,
				847DF8C61D9224FE00E1293E /* MapViewController.swift in Sources */,
				847DF8C41D9224FE00E1293E /* AppDelegate.swift in Sources */,
				847DF8D91D92420C00E1293E /* Model.xcdatamodeld in Sources */,
			);
			runOnlyForDeploymentPostprocessing = 0;
		};
/* End PBXSourcesBuildPhase section */

/* Begin PBXVariantGroup section */
		847DF8C71D9224FE00E1293E /* Main.storyboard */ = {
			isa = PBXVariantGroup;
			children = (
				847DF8C81D9224FE00E1293E /* Base */,
			);
			name = Main.storyboard;
			sourceTree = "<group>";
		};
		847DF8CC1D9224FE00E1293E /* LaunchScreen.storyboard */ = {
			isa = PBXVariantGroup;
			children = (
				847DF8CD1D9224FE00E1293E /* Base */,
			);
			name = LaunchScreen.storyboard;
			sourceTree = "<group>";
		};
/* End PBXVariantGroup section */

/* Begin XCBuildConfiguration section */
		847DF8D01D9224FE00E1293E /* Debug */ = {
			isa = XCBuildConfiguration;
			buildSettings = {
				ALWAYS_SEARCH_USER_PATHS = NO;
				CLANG_ANALYZER_NONNULL = YES;
				CLANG_CXX_LANGUAGE_STANDARD = "gnu++0x";
				CLANG_CXX_LIBRARY = "libc++";
				CLANG_ENABLE_MODULES = YES;
				CLANG_ENABLE_OBJC_ARC = YES;
				CLANG_WARN_BOOL_CONVERSION = YES;
				CLANG_WARN_CONSTANT_CONVERSION = YES;
				CLANG_WARN_DIRECT_OBJC_ISA_USAGE = YES_ERROR;
				CLANG_WARN_EMPTY_BODY = YES;
				CLANG_WARN_ENUM_CONVERSION = YES;
				CLANG_WARN_INT_CONVERSION = YES;
				CLANG_WARN_OBJC_ROOT_CLASS = YES_ERROR;
				CLANG_WARN_UNREACHABLE_CODE = YES;
				CLANG_WARN__DUPLICATE_METHOD_MATCH = YES;
				"CODE_SIGN_IDENTITY[sdk=iphoneos*]" = "iPhone Developer";
				COPY_PHASE_STRIP = NO;
				DEBUG_INFORMATION_FORMAT = dwarf;
				ENABLE_STRICT_OBJC_MSGSEND = YES;
				ENABLE_TESTABILITY = YES;
				GCC_C_LANGUAGE_STANDARD = gnu99;
				GCC_DYNAMIC_NO_PIC = NO;
				GCC_NO_COMMON_BLOCKS = YES;
				GCC_OPTIMIZATION_LEVEL = 0;
				GCC_PREPROCESSOR_DEFINITIONS = (
					"DEBUG=1",
					"$(inherited)",
				);
				GCC_WARN_64_TO_32_BIT_CONVERSION = YES;
				GCC_WARN_ABOUT_RETURN_TYPE = YES_ERROR;
				GCC_WARN_UNDECLARED_SELECTOR = YES;
				GCC_WARN_UNINITIALIZED_AUTOS = YES_AGGRESSIVE;
				GCC_WARN_UNUSED_FUNCTION = YES;
				GCC_WARN_UNUSED_VARIABLE = YES;
				IPHONEOS_DEPLOYMENT_TARGET = 9.3;
				MTL_ENABLE_DEBUG_INFO = YES;
				ONLY_ACTIVE_ARCH = YES;
				SDKROOT = iphoneos;
				SWIFT_OPTIMIZATION_LEVEL = "-Onone";
				TARGETED_DEVICE_FAMILY = "1,2";
			};
			name = Debug;
		};
		847DF8D11D9224FE00E1293E /* Release */ = {
			isa = XCBuildConfiguration;
			buildSettings = {
				ALWAYS_SEARCH_USER_PATHS = NO;
				CLANG_ANALYZER_NONNULL = YES;
				CLANG_CXX_LANGUAGE_STANDARD = "gnu++0x";
				CLANG_CXX_LIBRARY = "libc++";
				CLANG_ENABLE_MODULES = YES;
				CLANG_ENABLE_OBJC_ARC = YES;
				CLANG_WARN_BOOL_CONVERSION = YES;
				CLANG_WARN_CONSTANT_CONVERSION = YES;
				CLANG_WARN_DIRECT_OBJC_ISA_USAGE = YES_ERROR;
				CLANG_WARN_EMPTY_BODY = YES;
				CLANG_WARN_ENUM_CONVERSION = YES;
				CLANG_WARN_INT_CONVERSION = YES;
				CLANG_WARN_OBJC_ROOT_CLASS = YES_ERROR;
				CLANG_WARN_UNREACHABLE_CODE = YES;
				CLANG_WARN__DUPLICATE_METHOD_MATCH = YES;
				"CODE_SIGN_IDENTITY[sdk=iphoneos*]" = "iPhone Developer";
				COPY_PHASE_STRIP = NO;
				DEBUG_INFORMATION_FORMAT = "dwarf-with-dsym";
				ENABLE_NS_ASSERTIONS = NO;
				ENABLE_STRICT_OBJC_MSGSEND = YES;
				GCC_C_LANGUAGE_STANDARD = gnu99;
				GCC_NO_COMMON_BLOCKS = YES;
				GCC_WARN_64_TO_32_BIT_CONVERSION = YES;
				GCC_WARN_ABOUT_RETURN_TYPE = YES_ERROR;
				GCC_WARN_UNDECLARED_SELECTOR = YES;
				GCC_WARN_UNINITIALIZED_AUTOS = YES_AGGRESSIVE;
				GCC_WARN_UNUSED_FUNCTION = YES;
				GCC_WARN_UNUSED_VARIABLE = YES;
				IPHONEOS_DEPLOYMENT_TARGET = 9.3;
				MTL_ENABLE_DEBUG_INFO = NO;
				SDKROOT = iphoneos;
				TARGETED_DEVICE_FAMILY = "1,2";
				VALIDATE_PRODUCT = YES;
			};
			name = Release;
		};
		847DF8D31D9224FE00E1293E /* Debug */ = {
			isa = XCBuildConfiguration;
			buildSettings = {
				ASSETCATALOG_COMPILER_APPICON_NAME = AppIcon;
				INFOPLIST_FILE = "Virtual Tourist/Info.plist";
				LD_RUNPATH_SEARCH_PATHS = "$(inherited) @executable_path/Frameworks";
				PRODUCT_BUNDLE_IDENTIFIER = "com.xeoneux.Virtual-Tourist";
				PRODUCT_NAME = "$(TARGET_NAME)";
			};
			name = Debug;
		};
		847DF8D41D9224FE00E1293E /* Release */ = {
			isa = XCBuildConfiguration;
			buildSettings = {
				ASSETCATALOG_COMPILER_APPICON_NAME = AppIcon;
				INFOPLIST_FILE = "Virtual Tourist/Info.plist";
				LD_RUNPATH_SEARCH_PATHS = "$(inherited) @executable_path/Frameworks";
				PRODUCT_BUNDLE_IDENTIFIER = "com.xeoneux.Virtual-Tourist";
				PRODUCT_NAME = "$(TARGET_NAME)";
			};
			name = Release;
		};
/* End XCBuildConfiguration section */

/* Begin XCConfigurationList section */
		847DF8BB1D9224FE00E1293E /* Build configuration list for PBXProject "Virtual Tourist" */ = {
			isa = XCConfigurationList;
			buildConfigurations = (
				847DF8D01D9224FE00E1293E /* Debug */,
				847DF8D11D9224FE00E1293E /* Release */,
			);
			defaultConfigurationIsVisible = 0;
			defaultConfigurationName = Release;
		};
		847DF8D21D9224FE00E1293E /* Build configuration list for PBXNativeTarget "Virtual Tourist" */ = {
			isa = XCConfigurationList;
			buildConfigurations = (
				847DF8D31D9224FE00E1293E /* Debug */,
				847DF8D41D9224FE00E1293E /* Release */,
			);
			defaultConfigurationIsVisible = 0;
			defaultConfigurationName = Release;
		};
/* End XCConfigurationList section */

/* Begin XCVersionGroup section */
		847DF8D71D92420C00E1293E /* Model.xcdatamodeld */ = {
			isa = XCVersionGroup;
			children = (
				847DF8D81D92420C00E1293E /* Model.xcdatamodel */,
			);
			currentVersion = 847DF8D81D92420C00E1293E /* Model.xcdatamodel */;
			path = Model.xcdatamodeld;
			sourceTree = "<group>";
			versionGroupType = wrapper.xcdatamodel;
		};
/* End XCVersionGroup section */
	};
	rootObject = 847DF8B81D9224FE00E1293E /* Project object */;
}
